// !$*UTF8*$!
{
	archiveVersion = 1;
	classes = {
	};
	objectVersion = 50;
	objects = {

/* Begin PBXBuildFile section */
		A9E5F21724ED5F5500BCC8CB /* AppDelegate.swift in Sources */ = {isa = PBXBuildFile; fileRef = A9E5F21624ED5F5500BCC8CB /* AppDelegate.swift */; };
		A9E5F21924ED5F5500BCC8CB /* SceneDelegate.swift in Sources */ = {isa = PBXBuildFile; fileRef = A9E5F21824ED5F5500BCC8CB /* SceneDelegate.swift */; };
		A9E5F21B24ED5F5500BCC8CB /* ViewController.swift in Sources */ = {isa = PBXBuildFile; fileRef = A9E5F21A24ED5F5500BCC8CB /* ViewController.swift */; };
		A9E5F22024ED5F5800BCC8CB /* Assets.xcassets in Resources */ = {isa = PBXBuildFile; fileRef = A9E5F21F24ED5F5800BCC8CB /* Assets.xcassets */; };
		A9E5F22E24ED606000BCC8CB /* PersonViewModel.swift in Sources */ = {isa = PBXBuildFile; fileRef = A9E5F22D24ED606000BCC8CB /* PersonViewModel.swift */; };
		A9E5F23124ED60C500BCC8CB /* BindingTextField.swift in Sources */ = {isa = PBXBuildFile; fileRef = A9E5F23024ED60C500BCC8CB /* BindingTextField.swift */; };
/* End PBXBuildFile section */

/* Begin PBXFileReference section */
		A9E5F21324ED5F5500BCC8CB /* BindingTextField.app */ = {isa = PBXFileReference; explicitFileType = wrapper.application; includeInIndex = 0; path = BindingTextField.app; sourceTree = BUILT_PRODUCTS_DIR; };
		A9E5F21624ED5F5500BCC8CB /* AppDelegate.swift */ = {isa = PBXFileReference; lastKnownFileType = sourcecode.swift; path = AppDelegate.swift; sourceTree = "<group>"; };
		A9E5F21824ED5F5500BCC8CB /* SceneDelegate.swift */ = {isa = PBXFileReference; lastKnownFileType = sourcecode.swift; path = SceneDelegate.swift; sourceTree = "<group>"; };
		A9E5F21A24ED5F5500BCC8CB /* ViewController.swift */ = {isa = PBXFileReference; lastKnownFileType = sourcecode.swift; path = ViewController.swift; sourceTree = "<group>"; };
		A9E5F21F24ED5F5800BCC8CB /* Assets.xcassets */ = {isa = PBXFileReference; lastKnownFileType = folder.assetcatalog; path = Assets.xcassets; sourceTree = "<group>"; };
		A9E5F22424ED5F5800BCC8CB /* Info.plist */ = {isa = PBXFileReference; lastKnownFileType = text.plist.xml; path = Info.plist; sourceTree = "<group>"; };
		A9E5F22D24ED606000BCC8CB /* PersonViewModel.swift */ = {isa = PBXFileReference; lastKnownFileType = sourcecode.swift; path = PersonViewModel.swift; sourceTree = "<group>"; };
		A9E5F23024ED60C500BCC8CB /* BindingTextField.swift */ = {isa = PBXFileReference; lastKnownFileType = sourcecode.swift; path = BindingTextField.swift; sourceTree = "<group>"; };
/* End PBXFileReference section */

/* Begin PBXFrameworksBuildPhase section */
		A9E5F21024ED5F5500BCC8CB /* Frameworks */ = {
			isa = PBXFrameworksBuildPhase;
			buildActionMask = 2147483647;
			files = (
			);
			runOnlyForDeploymentPostprocessing = 0;
		};
/* End PBXFrameworksBuildPhase section */

/* Begin PBXGroup section */
		A9E5F20A24ED5F5400BCC8CB = {
			isa = PBXGroup;
			children = (
				A9E5F21524ED5F5500BCC8CB /* BindingTextField */,
				A9E5F21424ED5F5500BCC8CB /* Products */,
			);
			sourceTree = "<group>";
		};
		A9E5F21424ED5F5500BCC8CB /* Products */ = {
			isa = PBXGroup;
			children = (
				A9E5F21324ED5F5500BCC8CB /* BindingTextField.app */,
			);
			name = Products;
			sourceTree = "<group>";
		};
		A9E5F21524ED5F5500BCC8CB /* BindingTextField */ = {
			isa = PBXGroup;
			children = (
				A9E5F22A24ED603000BCC8CB /* System Delegate */,
				A9E5F22F24ED60B600BCC8CB /* Binding */,
				A9E5F22C24ED604200BCC8CB /* ViewModel */,
				A9E5F22B24ED603C00BCC8CB /* Controllers */,
				A9E5F21F24ED5F5800BCC8CB /* Assets.xcassets */,
				A9E5F22424ED5F5800BCC8CB /* Info.plist */,
			);
			path = BindingTextField;
			sourceTree = "<group>";
		};
		A9E5F22A24ED603000BCC8CB /* System Delegate */ = {
			isa = PBXGroup;
			children = (
				A9E5F21624ED5F5500BCC8CB /* AppDelegate.swift */,
				A9E5F21824ED5F5500BCC8CB /* SceneDelegate.swift */,
			);
			path = "System Delegate";
			sourceTree = "<group>";
		};
		A9E5F22B24ED603C00BCC8CB /* Controllers */ = {
			isa = PBXGroup;
			children = (
				A9E5F21A24ED5F5500BCC8CB /* ViewController.swift */,
			);
			path = Controllers;
			sourceTree = "<group>";
		};
		A9E5F22C24ED604200BCC8CB /* ViewModel */ = {
			isa = PBXGroup;
			children = (
				A9E5F22D24ED606000BCC8CB /* PersonViewModel.swift */,
			);
			path = ViewModel;
			sourceTree = "<group>";
		};
		A9E5F22F24ED60B600BCC8CB /* Binding */ = {
			isa = PBXGroup;
			children = (
				A9E5F23024ED60C500BCC8CB /* BindingTextField.swift */,
			);
			path = Binding;
			sourceTree = "<group>";
		};
/* End PBXGroup section */

/* Begin PBXNativeTarget section */
		A9E5F21224ED5F5500BCC8CB /* BindingTextField */ = {
			isa = PBXNativeTarget;
			buildConfigurationList = A9E5F22724ED5F5800BCC8CB /* Build configuration list for PBXNativeTarget "BindingTextField" */;
			buildPhases = (
				A9E5F20F24ED5F5500BCC8CB /* Sources */,
				A9E5F21024ED5F5500BCC8CB /* Frameworks */,
				A9E5F21124ED5F5500BCC8CB /* Resources */,
			);
			buildRules = (
			);
			dependencies = (
			);
			name = BindingTextField;
			productName = BindingTextField;
			productReference = A9E5F21324ED5F5500BCC8CB /* BindingTextField.app */;
			productType = "com.apple.product-type.application";
		};
/* End PBXNativeTarget section */

/* Begin PBXProject section */
		A9E5F20B24ED5F5500BCC8CB /* Project object */ = {
			isa = PBXProject;
			attributes = {
				LastSwiftUpdateCheck = 1160;
				LastUpgradeCheck = 1160;
				ORGANIZATIONNAME = "Jean Paull";
				TargetAttributes = {
					A9E5F21224ED5F5500BCC8CB = {
						CreatedOnToolsVersion = 11.6;
					};
				};
			};
			buildConfigurationList = A9E5F20E24ED5F5500BCC8CB /* Build configuration list for PBXProject "BindingTextField" */;
			compatibilityVersion = "Xcode 9.3";
			developmentRegion = en;
			hasScannedForEncodings = 0;
			knownRegions = (
				en,
				Base,
			);
			mainGroup = A9E5F20A24ED5F5400BCC8CB;
			productRefGroup = A9E5F21424ED5F5500BCC8CB /* Products */;
			projectDirPath = "";
			projectRoot = "";
			targets = (
				A9E5F21224ED5F5500BCC8CB /* BindingTextField */,
			);
		};
/* End PBXProject section */

/* Begin PBXResourcesBuildPhase section */
		A9E5F21124ED5F5500BCC8CB /* Resources */ = {
			isa = PBXResourcesBuildPhase;
			buildActionMask = 2147483647;
			files = (
				A9E5F22024ED5F5800BCC8CB /* Assets.xcassets in Resources */,
			);
			runOnlyForDeploymentPostprocessing = 0;
		};
/* End PBXResourcesBuildPhase section */

/* Begin PBXSourcesBuildPhase section */
		A9E5F20F24ED5F5500BCC8CB /* Sources */ = {
			isa = PBXSourcesBuildPhase;
			buildActionMask = 2147483647;
			files = (
				A9E5F21B24ED5F5500BCC8CB /* ViewController.swift in Sources */,
				A9E5F21724ED5F5500BCC8CB /* AppDelegate.swift in Sources */,
				A9E5F23124ED60C500BCC8CB /* BindingTextField.swift in Sources */,
				A9E5F21924ED5F5500BCC8CB /* SceneDelegate.swift in Sources */,
				A9E5F22E24ED606000BCC8CB /* PersonViewModel.swift in Sources */,
			);
			runOnlyForDeploymentPostprocessing = 0;
		};
/* End PBXSourcesBuildPhase section */

/* Begin XCBuildConfiguration section */
		A9E5F22524ED5F5800BCC8CB /* Debug */ = {
			isa = XCBuildConfiguration;
			buildSettings = {
				ALWAYS_SEARCH_USER_PATHS = NO;
				CLANG_ANALYZER_NONNULL = YES;
				CLANG_ANALYZER_NUMBER_OBJECT_CONVERSION = YES_AGGRESSIVE;
				CLANG_CXX_LANGUAGE_STANDARD = "gnu++14";
				CLANG_CXX_LIBRARY = "libc++";
				CLANG_ENABLE_MODULES = YES;
				CLANG_ENABLE_OBJC_ARC = YES;
				CLANG_ENABLE_OBJC_WEAK = YES;
				CLANG_WARN_BLOCK_CAPTURE_AUTORELEASING = YES;
				CLANG_WARN_BOOL_CONVERSION = YES;
				CLANG_WARN_COMMA = YES;
				CLANG_WARN_CONSTANT_CONVERSION = YES;
				CLANG_WARN_DEPRECATED_OBJC_IMPLEMENTATIONS = YES;
				CLANG_WARN_DIRECT_OBJC_ISA_USAGE = YES_ERROR;
				CLANG_WARN_DOCUMENTATION_COMMENTS = YES;
				CLANG_WARN_EMPTY_BODY = YES;
				CLANG_WARN_ENUM_CONVERSION = YES;
				CLANG_WARN_INFINITE_RECURSION = YES;
				CLANG_WARN_INT_CONVERSION = YES;
				CLANG_WARN_NON_LITERAL_NULL_CONVERSION = YES;
				CLANG_WARN_OBJC_IMPLICIT_RETAIN_SELF = YES;
				CLANG_WARN_OBJC_LITERAL_CONVERSION = YES;
				CLANG_WARN_OBJC_ROOT_CLASS = YES_ERROR;
				CLANG_WARN_RANGE_LOOP_ANALYSIS = YES;
				CLANG_WARN_STRICT_PROTOTYPES = YES;
				CLANG_WARN_SUSPICIOUS_MOVE = YES;
				CLANG_WARN_UNGUARDED_AVAILABILITY = YES_AGGRESSIVE;
				CLANG_WARN_UNREACHABLE_CODE = YES;
				CLANG_WARN__DUPLICATE_METHOD_MATCH = YES;
				COPY_PHASE_STRIP = NO;
				DEBUG_INFORMATION_FORMAT = dwarf;
				ENABLE_STRICT_OBJC_MSGSEND = YES;
				ENABLE_TESTABILITY = YES;
				GCC_C_LANGUAGE_STANDARD = gnu11;
				GCC_DYNAMIC_NO_PIC = NO;
				GCC_NO_COMMON_BLOCKS = YES;
				GCC_OPTIMIZATION_LEVEL = 0;
				GCC_PREPROCESSOR_DEFINITIONS = (
					"DEBUG=1",
					"$(inherited)",
				);
				GCC_WARN_64_TO_32_BIT_CONVERSION = YES;
				GCC_WARN_ABOUT_RETURN_TYPE = YES_ERROR;
				GCC_WARN_UNDECLARED_SELECTOR = YES;
				GCC_WARN_UNINITIALIZED_AUTOS = YES_AGGRESSIVE;
				GCC_WARN_UNUSED_FUNCTION = YES;
				GCC_WARN_UNUSED_VARIABLE = YES;
				IPHONEOS_DEPLOYMENT_TARGET = 13.6;
				MTL_ENABLE_DEBUG_INFO = INCLUDE_SOURCE;
				MTL_FAST_MATH = YES;
				ONLY_ACTIVE_ARCH = YES;
				SDKROOT = iphoneos;
				SWIFT_ACTIVE_COMPILATION_CONDITIONS = DEBUG;
				SWIFT_OPTIMIZATION_LEVEL = "-Onone";
			};
			name = Debug;
		};
		A9E5F22624ED5F5800BCC8CB /* Release */ = {
			isa = XCBuildConfiguration;
			buildSettings = {
				ALWAYS_SEARCH_USER_PATHS = NO;
				CLANG_ANALYZER_NONNULL = YES;
				CLANG_ANALYZER_NUMBER_OBJECT_CONVERSION = YES_AGGRESSIVE;
				CLANG_CXX_LANGUAGE_STANDARD = "gnu++14";
				CLANG_CXX_LIBRARY = "libc++";
				CLANG_ENABLE_MODULES = YES;
				CLANG_ENABLE_OBJC_ARC = YES;
				CLANG_ENABLE_OBJC_WEAK = YES;
				CLANG_WARN_BLOCK_CAPTURE_AUTORELEASING = YES;
				CLANG_WARN_BOOL_CONVERSION = YES;
				CLANG_WARN_COMMA = YES;
				CLANG_WARN_CONSTANT_CONVERSION = YES;
				CLANG_WARN_DEPRECATED_OBJC_IMPLEMENTATIONS = YES;
				CLANG_WARN_DIRECT_OBJC_ISA_USAGE = YES_ERROR;
				CLANG_WARN_DOCUMENTATION_COMMENTS = YES;
				CLANG_WARN_EMPTY_BODY = YES;
				CLANG_WARN_ENUM_CONVERSION = YES;
				CLANG_WARN_INFINITE_RECURSION = YES;
				CLANG_WARN_INT_CONVERSION = YES;
				CLANG_WARN_NON_LITERAL_NULL_CONVERSION = YES;
				CLANG_WARN_OBJC_IMPLICIT_RETAIN_SELF = YES;
				CLANG_WARN_OBJC_LITERAL_CONVERSION = YES;
				CLANG_WARN_OBJC_ROOT_CLASS = YES_ERROR;
				CLANG_WARN_RANGE_LOOP_ANALYSIS = YES;
				CLANG_WARN_STRICT_PROTOTYPES = YES;
				CLANG_WARN_SUSPICIOUS_MOVE = YES;
				CLANG_WARN_UNGUARDED_AVAILABILITY = YES_AGGRESSIVE;
				CLANG_WARN_UNREACHABLE_CODE = YES;
				CLANG_WARN__DUPLICATE_METHOD_MATCH = YES;
				COPY_PHASE_STRIP = NO;
				DEBUG_INFORMATION_FORMAT = "dwarf-with-dsym";
				ENABLE_NS_ASSERTIONS = NO;
				ENABLE_STRICT_OBJC_MSGSEND = YES;
				GCC_C_LANGUAGE_STANDARD = gnu11;
				GCC_NO_COMMON_BLOCKS = YES;
				GCC_WARN_64_TO_32_BIT_CONVERSION = YES;
				GCC_WARN_ABOUT_RETURN_TYPE = YES_ERROR;
				GCC_WARN_UNDECLARED_SELECTOR = YES;
				GCC_WARN_UNINITIALIZED_AUTOS = YES_AGGRESSIVE;
				GCC_WARN_UNUSED_FUNCTION = YES;
				GCC_WARN_UNUSED_VARIABLE = YES;
				IPHONEOS_DEPLOYMENT_TARGET = 13.6;
				MTL_ENABLE_DEBUG_INFO = NO;
				MTL_FAST_MATH = YES;
				SDKROOT = iphoneos;
				SWIFT_COMPILATION_MODE = wholemodule;
				SWIFT_OPTIMIZATION_LEVEL = "-O";
				VALIDATE_PRODUCT = YES;
			};
			name = Release;
		};
		A9E5F22824ED5F5800BCC8CB /* Debug */ = {
			isa = XCBuildConfiguration;
			buildSettings = {
				ASSETCATALOG_COMPILER_APPICON_NAME = AppIcon;
				CODE_SIGN_STYLE = Automatic;
				INFOPLIST_FILE = BindingTextField/Info.plist;
				LD_RUNPATH_SEARCH_PATHS = (
					"$(inherited)",
					"@executable_path/Frameworks",
				);
				PRODUCT_BUNDLE_IDENTIFIER = br.jean.BindingTextField;
				PRODUCT_NAME = "$(TARGET_NAME)";
				SWIFT_VERSION = 5.0;
				TARGETED_DEVICE_FAMILY = 1;
			};
			name = Debug;
		};
		A9E5F22924ED5F5800BCC8CB /* Release */ = {
			isa = XCBuildConfiguration;
			buildSettings = {
				ASSETCATALOG_COMPILER_APPICON_NAME = AppIcon;
				CODE_SIGN_STYLE = Automatic;
				INFOPLIST_FILE = BindingTextField/Info.plist;
				LD_RUNPATH_SEARCH_PATHS = (
					"$(inherited)",
					"@executable_path/Frameworks",
				);
				PRODUCT_BUNDLE_IDENTIFIER = br.jean.BindingTextField;
				PRODUCT_NAME = "$(TARGET_NAME)";
				SWIFT_VERSION = 5.0;
				TARGETED_DEVICE_FAMILY = 1;
			};
			name = Release;
		};
/* End XCBuildConfiguration section */

/* Begin XCConfigurationList section */
		A9E5F20E24ED5F5500BCC8CB /* Build configuration list for PBXProject "BindingTextField" */ = {
			isa = XCConfigurationList;
			buildConfigurations = (
				A9E5F22524ED5F5800BCC8CB /* Debug */,
				A9E5F22624ED5F5800BCC8CB /* Release */,
			);
			defaultConfigurationIsVisible = 0;
			defaultConfigurationName = Release;
		};
		A9E5F22724ED5F5800BCC8CB /* Build configuration list for PBXNativeTarget "BindingTextField" */ = {
			isa = XCConfigurationList;
			buildConfigurations = (
				A9E5F22824ED5F5800BCC8CB /* Debug */,
				A9E5F22924ED5F5800BCC8CB /* Release */,
			);
			defaultConfigurationIsVisible = 0;
			defaultConfigurationName = Release;
		};
/* End XCConfigurationList section */
	};
	rootObject = A9E5F20B24ED5F5500BCC8CB /* Project object */;
}
